
Microsoft Visual Studio Solution File, Format Version 12.00
# Visual Studio Version 17
VisualStudioVersion = 17.7.34024.191
MinimumVisualStudioVersion = 10.0.40219.1
Project("{9A19103F-16F7-4668-BE54-9A1E7A4F7556}") = "Appxs.", "Appxs\Appxs..csproj", "{05CEEB13-7735-4985-A2E3-536272947A27}"
EndProject
Global
	GlobalSection(SolutionConfigurationPlatforms) = preSolution
		Debug|Any CPU = Debug|Any CPU
		Release|Any CPU = Release|Any CPU
	EndGlobalSection
	GlobalSection(ProjectConfigurationPlatforms) = postSolution
		{05CEEB13-7735-4985-A2E3-536272947A27}.Debug|Any CPU.ActiveCfg = Debug|Any CPU
		{05CEEB13-7735-4985-A2E3-536272947A27}.Debug|Any CPU.Build.0 = Debug|Any CPU
		{05CEEB13-7735-4985-A2E3-536272947A27}.Release|Any CPU.ActiveCfg = Release|Any CPU
		{05CEEB13-7735-4985-A2E3-536272947A27}.Release|Any CPU.Build.0 = Release|Any CPU
	EndGlobalSection
	GlobalSection(SolutionProperties) = preSolution
		HideSolutionNode = FALSE
	EndGlobalSection
	GlobalSection(ExtensibilityGlobals) = postSolution
		SolutionGuid = {4B9A2F3F-36DF-41E5-9227-92AB35C9AB76}
	EndGlobalSection
EndGlobal
